{
  "version": "3",
  "packages": {
    "specifiers": {
      "jsr:@denosaurs/event@^2.0.2": "jsr:@denosaurs/event@2.0.2",
      "npm:chalk@5": "npm:chalk@5.3.0"
    },
    "jsr": {
      "@denosaurs/event@2.0.2": {
        "integrity": "3310ba1a9e94dd60ccb09c6084fc818cc1cd50e543c56ef0c6199f1b89073392"
      }
    },
    "npm": {
      "chalk@5.3.0": {
        "integrity": "sha512-dLitG79d+GV1Nb/VYcCDFivJeK1hiukt9QjRNVOsUtTy1rR1YJsmpGGTZ3qJos+uw7WmWF4wUwBd9jxjocFC2w==",
        "dependencies": {}
      }
    }
  },
  "remote": {},
  "workspace": {
    "dependencies": [
      "jsr:@denosaurs/event@^2.0.2"
    ]
  }
}
